// !$*UTF8*$!
{
	archiveVersion = 1;
	classes = {
	};
	objectVersion = 46;
	objects = {

/* Begin PBXBuildFile section */
		4CA6FFAB1D702E5F00142D01 /* Transaction.swift in Sources */ = {isa = PBXBuildFile; fileRef = 4CA6FFAA1D702E5F00142D01 /* Transaction.swift */; };
		4CA6FFAD1D70335600142D01 /* Request.swift in Sources */ = {isa = PBXBuildFile; fileRef = 4CA6FFAC1D70335600142D01 /* Request.swift */; };
		4CA6FFAF1D70343900142D01 /* Response.swift in Sources */ = {isa = PBXBuildFile; fileRef = 4CA6FFAE1D70343900142D01 /* Response.swift */; };
		4CA6FFB11D703A0100142D01 /* Loans.swift in Sources */ = {isa = PBXBuildFile; fileRef = 4CA6FFB01D703A0100142D01 /* Loans.swift */; };
		6771F23B1D7049BB00C66A6D /* NetworkClient.swift in Sources */ = {isa = PBXBuildFile; fileRef = 6771F23A1D7049BB00C66A6D /* NetworkClient.swift */; };
		6771F23D1D705FDE00C66A6D /* TransactionService.swift in Sources */ = {isa = PBXBuildFile; fileRef = 6771F23C1D705FDE00C66A6D /* TransactionService.swift */; };
		6771F23F1D70937100C66A6D /* TouchID.swift in Sources */ = {isa = PBXBuildFile; fileRef = 6771F23E1D70937100C66A6D /* TouchID.swift */; };
		67C08D611D6F91CA00247434 /* AppDelegate.swift in Sources */ = {isa = PBXBuildFile; fileRef = 67C08D601D6F91CA00247434 /* AppDelegate.swift */; };
		67C08D631D6F91CA00247434 /* MasterViewController.swift in Sources */ = {isa = PBXBuildFile; fileRef = 67C08D621D6F91CA00247434 /* MasterViewController.swift */; };
		67C08D651D6F91CA00247434 /* DetailViewController.swift in Sources */ = {isa = PBXBuildFile; fileRef = 67C08D641D6F91CA00247434 /* DetailViewController.swift */; };
		67C08D681D6F91CA00247434 /* Main.storyboard in Resources */ = {isa = PBXBuildFile; fileRef = 67C08D661D6F91CA00247434 /* Main.storyboard */; };
		67C08D6A1D6F91CA00247434 /* Assets.xcassets in Resources */ = {isa = PBXBuildFile; fileRef = 67C08D691D6F91CA00247434 /* Assets.xcassets */; };
		67C08D6D1D6F91CA00247434 /* LaunchScreen.storyboard in Resources */ = {isa = PBXBuildFile; fileRef = 67C08D6B1D6F91CA00247434 /* LaunchScreen.storyboard */; };
		67C08D751D70034D00247434 /* PubNubClient.swift in Sources */ = {isa = PBXBuildFile; fileRef = 67C08D741D70034D00247434 /* PubNubClient.swift */; };
		67FDF1211D701B4C00FDB546 /* User.swift in Sources */ = {isa = PBXBuildFile; fileRef = 67FDF1201D701B4C00FDB546 /* User.swift */; };
		67FDF1231D70282800FDB546 /* PeerToPeerNetworkClient.swift in Sources */ = {isa = PBXBuildFile; fileRef = 67FDF1221D70282800FDB546 /* PeerToPeerNetworkClient.swift */; };
		C59356A10974BE7494C7EB57 /* Pods_Loans.framework in Frameworks */ = {isa = PBXBuildFile; fileRef = E00F68115F8BD6E628CCB888 /* Pods_Loans.framework */; };
		F2B0A6DB1D704ABF00BFAE29 /* FTUEViewController.swift in Sources */ = {isa = PBXBuildFile; fileRef = F2B0A6DA1D704ABF00BFAE29 /* FTUEViewController.swift */; };
		F2B0A6DD1D70570400BFAE29 /* BuddyListViewController.swift in Sources */ = {isa = PBXBuildFile; fileRef = F2B0A6DC1D70570400BFAE29 /* BuddyListViewController.swift */; };
		F2B0A6E11D706AB100BFAE29 /* NewTransactionViewController.swift in Sources */ = {isa = PBXBuildFile; fileRef = F2B0A6E01D706AB100BFAE29 /* NewTransactionViewController.swift */; };
		F2B0A6E31D707DC100BFAE29 /* PendingLoanViewController.swift in Sources */ = {isa = PBXBuildFile; fileRef = F2B0A6E21D707DC100BFAE29 /* PendingLoanViewController.swift */; };
		F2B0A6E51D70965D00BFAE29 /* buddyTableViewCell.swift in Sources */ = {isa = PBXBuildFile; fileRef = F2B0A6E41D70965D00BFAE29 /* buddyTableViewCell.swift */; };
/* End PBXBuildFile section */

/* Begin PBXFileReference section */
		4CA6FFAA1D702E5F00142D01 /* Transaction.swift */ = {isa = PBXFileReference; fileEncoding = 4; lastKnownFileType = sourcecode.swift; path = Transaction.swift; sourceTree = "<group>"; };
		4CA6FFAC1D70335600142D01 /* Request.swift */ = {isa = PBXFileReference; fileEncoding = 4; lastKnownFileType = sourcecode.swift; path = Request.swift; sourceTree = "<group>"; };
		4CA6FFAE1D70343900142D01 /* Response.swift */ = {isa = PBXFileReference; fileEncoding = 4; lastKnownFileType = sourcecode.swift; path = Response.swift; sourceTree = "<group>"; };
		4CA6FFB01D703A0100142D01 /* Loans.swift */ = {isa = PBXFileReference; fileEncoding = 4; lastKnownFileType = sourcecode.swift; path = Loans.swift; sourceTree = "<group>"; };
		6771F23A1D7049BB00C66A6D /* NetworkClient.swift */ = {isa = PBXFileReference; fileEncoding = 4; lastKnownFileType = sourcecode.swift; name = NetworkClient.swift; path = Network/NetworkClient.swift; sourceTree = "<group>"; };
		6771F23C1D705FDE00C66A6D /* TransactionService.swift */ = {isa = PBXFileReference; fileEncoding = 4; lastKnownFileType = sourcecode.swift; path = TransactionService.swift; sourceTree = "<group>"; };
		6771F23E1D70937100C66A6D /* TouchID.swift */ = {isa = PBXFileReference; fileEncoding = 4; lastKnownFileType = sourcecode.swift; path = TouchID.swift; sourceTree = "<group>"; };
		67C08D5D1D6F91CA00247434 /* Loans.app */ = {isa = PBXFileReference; explicitFileType = wrapper.application; includeInIndex = 0; path = Loans.app; sourceTree = BUILT_PRODUCTS_DIR; };
		67C08D601D6F91CA00247434 /* AppDelegate.swift */ = {isa = PBXFileReference; lastKnownFileType = sourcecode.swift; path = AppDelegate.swift; sourceTree = "<group>"; };
		67C08D621D6F91CA00247434 /* MasterViewController.swift */ = {isa = PBXFileReference; lastKnownFileType = sourcecode.swift; path = MasterViewController.swift; sourceTree = "<group>"; };
		67C08D641D6F91CA00247434 /* DetailViewController.swift */ = {isa = PBXFileReference; lastKnownFileType = sourcecode.swift; path = DetailViewController.swift; sourceTree = "<group>"; };
		67C08D671D6F91CA00247434 /* Base */ = {isa = PBXFileReference; lastKnownFileType = file.storyboard; name = Base; path = Base.lproj/Main.storyboard; sourceTree = "<group>"; };
		67C08D691D6F91CA00247434 /* Assets.xcassets */ = {isa = PBXFileReference; lastKnownFileType = folder.assetcatalog; path = Assets.xcassets; sourceTree = "<group>"; };
		67C08D6C1D6F91CA00247434 /* Base */ = {isa = PBXFileReference; lastKnownFileType = file.storyboard; name = Base; path = Base.lproj/LaunchScreen.storyboard; sourceTree = "<group>"; };
		67C08D6E1D6F91CA00247434 /* Info.plist */ = {isa = PBXFileReference; lastKnownFileType = text.plist.xml; path = Info.plist; sourceTree = "<group>"; };
		67C08D741D70034D00247434 /* PubNubClient.swift */ = {isa = PBXFileReference; fileEncoding = 4; lastKnownFileType = sourcecode.swift; name = PubNubClient.swift; path = Network/PubNubClient.swift; sourceTree = "<group>"; };
		67FDF1201D701B4C00FDB546 /* User.swift */ = {isa = PBXFileReference; fileEncoding = 4; lastKnownFileType = sourcecode.swift; name = User.swift; path = Loans/User/User.swift; sourceTree = "<group>"; };
		67FDF1221D70282800FDB546 /* PeerToPeerNetworkClient.swift */ = {isa = PBXFileReference; fileEncoding = 4; lastKnownFileType = sourcecode.swift; name = PeerToPeerNetworkClient.swift; path = Network/PeerToPeerNetworkClient.swift; sourceTree = "<group>"; };
		8B53C7D3A014FE178AA8C605 /* Pods-Loans.release.xcconfig */ = {isa = PBXFileReference; includeInIndex = 1; lastKnownFileType = text.xcconfig; name = "Pods-Loans.release.xcconfig"; path = "Pods/Target Support Files/Pods-Loans/Pods-Loans.release.xcconfig"; sourceTree = "<group>"; };
		9BE8750F4C81B77E05035741 /* Pods-Loans.debug.xcconfig */ = {isa = PBXFileReference; includeInIndex = 1; lastKnownFileType = text.xcconfig; name = "Pods-Loans.debug.xcconfig"; path = "Pods/Target Support Files/Pods-Loans/Pods-Loans.debug.xcconfig"; sourceTree = "<group>"; };
		E00F68115F8BD6E628CCB888 /* Pods_Loans.framework */ = {isa = PBXFileReference; explicitFileType = wrapper.framework; includeInIndex = 0; path = Pods_Loans.framework; sourceTree = BUILT_PRODUCTS_DIR; };
		F2B0A6DA1D704ABF00BFAE29 /* FTUEViewController.swift */ = {isa = PBXFileReference; fileEncoding = 4; lastKnownFileType = sourcecode.swift; name = FTUEViewController.swift; path = UI/FTUEViewController.swift; sourceTree = "<group>"; };
		F2B0A6DC1D70570400BFAE29 /* BuddyListViewController.swift */ = {isa = PBXFileReference; fileEncoding = 4; lastKnownFileType = sourcecode.swift; path = BuddyListViewController.swift; sourceTree = "<group>"; };
		F2B0A6E01D706AB100BFAE29 /* NewTransactionViewController.swift */ = {isa = PBXFileReference; fileEncoding = 4; lastKnownFileType = sourcecode.swift; name = NewTransactionViewController.swift; path = UI/NewTransactionViewController.swift; sourceTree = "<group>"; };
		F2B0A6E21D707DC100BFAE29 /* PendingLoanViewController.swift */ = {isa = PBXFileReference; fileEncoding = 4; lastKnownFileType = sourcecode.swift; name = PendingLoanViewController.swift; path = UI/PendingLoanViewController.swift; sourceTree = "<group>"; };
		F2B0A6E41D70965D00BFAE29 /* buddyTableViewCell.swift */ = {isa = PBXFileReference; fileEncoding = 4; lastKnownFileType = sourcecode.swift; name = buddyTableViewCell.swift; path = UI/buddyTableViewCell.swift; sourceTree = "<group>"; };
/* End PBXFileReference section */

/* Begin PBXFrameworksBuildPhase section */
		67C08D5A1D6F91CA00247434 /* Frameworks */ = {
			isa = PBXFrameworksBuildPhase;
			buildActionMask = 2147483647;
			files = (
				C59356A10974BE7494C7EB57 /* Pods_Loans.framework in Frameworks */,
			);
			runOnlyForDeploymentPostprocessing = 0;
		};
/* End PBXFrameworksBuildPhase section */

/* Begin PBXGroup section */
		233FD7C4A2AD05E1F3279A07 /* Frameworks */ = {
			isa = PBXGroup;
			children = (
				E00F68115F8BD6E628CCB888 /* Pods_Loans.framework */,
			);
			name = Frameworks;
			sourceTree = "<group>";
		};
		3FF2941E1E02A011F3528E65 /* Pods */ = {
			isa = PBXGroup;
			children = (
				9BE8750F4C81B77E05035741 /* Pods-Loans.debug.xcconfig */,
				8B53C7D3A014FE178AA8C605 /* Pods-Loans.release.xcconfig */,
			);
			name = Pods;
			sourceTree = "<group>";
		};
		4CA6FFA51D702DDA00142D01 /* Data */ = {
			isa = PBXGroup;
			children = (
				67FDF1201D701B4C00FDB546 /* User.swift */,
				4CA6FFAA1D702E5F00142D01 /* Transaction.swift */,
				4CA6FFB01D703A0100142D01 /* Loans.swift */,
				4CA6FFAC1D70335600142D01 /* Request.swift */,
				4CA6FFAE1D70343900142D01 /* Response.swift */,
			);
			name = Data;
			sourceTree = "<group>";
		};
		67C08D541D6F91CA00247434 = {
			isa = PBXGroup;
			children = (
				6771F23E1D70937100C66A6D /* TouchID.swift */,
				F2B0A6D91D704A8200BFAE29 /* UI */,
				4CA6FFA51D702DDA00142D01 /* Data */,
				67C08D5F1D6F91CA00247434 /* Loans */,
				67C08D5E1D6F91CA00247434 /* Products */,
				3FF2941E1E02A011F3528E65 /* Pods */,
				233FD7C4A2AD05E1F3279A07 /* Frameworks */,
			);
			sourceTree = "<group>";
		};
		67C08D5E1D6F91CA00247434 /* Products */ = {
			isa = PBXGroup;
			children = (
				67C08D5D1D6F91CA00247434 /* Loans.app */,
			);
			name = Products;
			sourceTree = "<group>";
		};
		67C08D5F1D6F91CA00247434 /* Loans */ = {
			isa = PBXGroup;
			children = (
				67C08D601D6F91CA00247434 /* AppDelegate.swift */,
				6771F23A1D7049BB00C66A6D /* NetworkClient.swift */,
				67FDF1221D70282800FDB546 /* PeerToPeerNetworkClient.swift */,
				67C08D741D70034D00247434 /* PubNubClient.swift */,
				6771F23C1D705FDE00C66A6D /* TransactionService.swift */,
				67C08D621D6F91CA00247434 /* MasterViewController.swift */,
				67C08D641D6F91CA00247434 /* DetailViewController.swift */,
				67C08D661D6F91CA00247434 /* Main.storyboard */,
				67C08D691D6F91CA00247434 /* Assets.xcassets */,
				67C08D6B1D6F91CA00247434 /* LaunchScreen.storyboard */,
				67C08D6E1D6F91CA00247434 /* Info.plist */,
			);
			path = Loans;
			sourceTree = "<group>";
		};
		F2B0A6D91D704A8200BFAE29 /* UI */ = {
			isa = PBXGroup;
			children = (
				F2B0A6DA1D704ABF00BFAE29 /* FTUEViewController.swift */,
				F2B0A6DC1D70570400BFAE29 /* BuddyListViewController.swift */,
				F2B0A6E01D706AB100BFAE29 /* NewTransactionViewController.swift */,
				F2B0A6E21D707DC100BFAE29 /* PendingLoanViewController.swift */,
				F2B0A6E41D70965D00BFAE29 /* buddyTableViewCell.swift */,
			);
			name = UI;
			sourceTree = "<group>";
		};
/* End PBXGroup section */

/* Begin PBXNativeTarget section */
		67C08D5C1D6F91CA00247434 /* Loans */ = {
			isa = PBXNativeTarget;
			buildConfigurationList = 67C08D711D6F91CA00247434 /* Build configuration list for PBXNativeTarget "Loans" */;
			buildPhases = (
				C76B0A468C03F0BF2C1665BC /* [CP] Check Pods Manifest.lock */,
				67C08D591D6F91CA00247434 /* Sources */,
				67C08D5A1D6F91CA00247434 /* Frameworks */,
				67C08D5B1D6F91CA00247434 /* Resources */,
				4A3BE2FB1265862F1A560DFE /* [CP] Embed Pods Frameworks */,
				AB37BC30356EFDE5FE702250 /* [CP] Copy Pods Resources */,
			);
			buildRules = (
			);
			dependencies = (
			);
			name = Loans;
			productName = Loans;
			productReference = 67C08D5D1D6F91CA00247434 /* Loans.app */;
			productType = "com.apple.product-type.application";
		};
/* End PBXNativeTarget section */

/* Begin PBXProject section */
		67C08D551D6F91CA00247434 /* Project object */ = {
			isa = PBXProject;
			attributes = {
				LastSwiftUpdateCheck = 0730;
				LastUpgradeCheck = 0730;
				ORGANIZATIONNAME = "iQuest Technologies";
				TargetAttributes = {
					67C08D5C1D6F91CA00247434 = {
						CreatedOnToolsVersion = 7.3.1;
						DevelopmentTeam = QA7C3BG73H;
					};
				};
			};
			buildConfigurationList = 67C08D581D6F91CA00247434 /* Build configuration list for PBXProject "Loans" */;
			compatibilityVersion = "Xcode 3.2";
			developmentRegion = English;
			hasScannedForEncodings = 0;
			knownRegions = (
				en,
				Base,
			);
			mainGroup = 67C08D541D6F91CA00247434;
			productRefGroup = 67C08D5E1D6F91CA00247434 /* Products */;
			projectDirPath = "";
			projectRoot = "";
			targets = (
				67C08D5C1D6F91CA00247434 /* Loans */,
			);
		};
/* End PBXProject section */

/* Begin PBXResourcesBuildPhase section */
		67C08D5B1D6F91CA00247434 /* Resources */ = {
			isa = PBXResourcesBuildPhase;
			buildActionMask = 2147483647;
			files = (
				67C08D6D1D6F91CA00247434 /* LaunchScreen.storyboard in Resources */,
				67C08D6A1D6F91CA00247434 /* Assets.xcassets in Resources */,
				67C08D681D6F91CA00247434 /* Main.storyboard in Resources */,
			);
			runOnlyForDeploymentPostprocessing = 0;
		};
/* End PBXResourcesBuildPhase section */

/* Begin PBXShellScriptBuildPhase section */
		4A3BE2FB1265862F1A560DFE /* [CP] Embed Pods Frameworks */ = {
			isa = PBXShellScriptBuildPhase;
			buildActionMask = 2147483647;
			files = (
			);
			inputPaths = (
			);
			name = "[CP] Embed Pods Frameworks";
			outputPaths = (
			);
			runOnlyForDeploymentPostprocessing = 0;
			shellPath = /bin/sh;
			shellScript = "\"${SRCROOT}/Pods/Target Support Files/Pods-Loans/Pods-Loans-frameworks.sh\"\n";
			showEnvVarsInLog = 0;
		};
		AB37BC30356EFDE5FE702250 /* [CP] Copy Pods Resources */ = {
			isa = PBXShellScriptBuildPhase;
			buildActionMask = 2147483647;
			files = (
			);
			inputPaths = (
			);
			name = "[CP] Copy Pods Resources";
			outputPaths = (
			);
			runOnlyForDeploymentPostprocessing = 0;
			shellPath = /bin/sh;
			shellScript = "\"${SRCROOT}/Pods/Target Support Files/Pods-Loans/Pods-Loans-resources.sh\"\n";
			showEnvVarsInLog = 0;
		};
		C76B0A468C03F0BF2C1665BC /* [CP] Check Pods Manifest.lock */ = {
			isa = PBXShellScriptBuildPhase;
			buildActionMask = 2147483647;
			files = (
			);
			inputPaths = (
			);
			name = "[CP] Check Pods Manifest.lock";
			outputPaths = (
			);
			runOnlyForDeploymentPostprocessing = 0;
			shellPath = /bin/sh;
			shellScript = "diff \"${PODS_ROOT}/../Podfile.lock\" \"${PODS_ROOT}/Manifest.lock\" > /dev/null\nif [[ $? != 0 ]] ; then\n    cat << EOM\nerror: The sandbox is not in sync with the Podfile.lock. Run 'pod install' or update your CocoaPods installation.\nEOM\n    exit 1\nfi\n";
			showEnvVarsInLog = 0;
		};
/* End PBXShellScriptBuildPhase section */

/* Begin PBXSourcesBuildPhase section */
		67C08D591D6F91CA00247434 /* Sources */ = {
			isa = PBXSourcesBuildPhase;
			buildActionMask = 2147483647;
			files = (
				67C08D751D70034D00247434 /* PubNubClient.swift in Sources */,
				4CA6FFAD1D70335600142D01 /* Request.swift in Sources */,
				6771F23D1D705FDE00C66A6D /* TransactionService.swift in Sources */,
				6771F23F1D70937100C66A6D /* TouchID.swift in Sources */,
				67C08D651D6F91CA00247434 /* DetailViewController.swift in Sources */,
				F2B0A6DD1D70570400BFAE29 /* BuddyListViewController.swift in Sources */,
				6771F23B1D7049BB00C66A6D /* NetworkClient.swift in Sources */,
				4CA6FFAB1D702E5F00142D01 /* Transaction.swift in Sources */,
				4CA6FFAF1D70343900142D01 /* Response.swift in Sources */,
				F2B0A6E31D707DC100BFAE29 /* PendingLoanViewController.swift in Sources */,
				F2B0A6E51D70965D00BFAE29 /* buddyTableViewCell.swift in Sources */,
				67C08D631D6F91CA00247434 /* MasterViewController.swift in Sources */,
				67FDF1211D701B4C00FDB546 /* User.swift in Sources */,
				4CA6FFB11D703A0100142D01 /* Loans.swift in Sources */,
				67FDF1231D70282800FDB546 /* PeerToPeerNetworkClient.swift in Sources */,
				67C08D611D6F91CA00247434 /* AppDelegate.swift in Sources */,
				F2B0A6DB1D704ABF00BFAE29 /* FTUEViewController.swift in Sources */,
				F2B0A6E11D706AB100BFAE29 /* NewTransactionViewController.swift in Sources */,
			);
			runOnlyForDeploymentPostprocessing = 0;
		};
/* End PBXSourcesBuildPhase section */

/* Begin PBXVariantGroup section */
		67C08D661D6F91CA00247434 /* Main.storyboard */ = {
			isa = PBXVariantGroup;
			children = (
				67C08D671D6F91CA00247434 /* Base */,
			);
			name = Main.storyboard;
			sourceTree = "<group>";
		};
		67C08D6B1D6F91CA00247434 /* LaunchScreen.storyboard */ = {
			isa = PBXVariantGroup;
			children = (
				67C08D6C1D6F91CA00247434 /* Base */,
			);
			name = LaunchScreen.storyboard;
			sourceTree = "<group>";
		};
/* End PBXVariantGroup section */

/* Begin XCBuildConfiguration section */
		67C08D6F1D6F91CA00247434 /* Debug */ = {
			isa = XCBuildConfiguration;
			buildSettings = {
				ALWAYS_SEARCH_USER_PATHS = NO;
				CLANG_ANALYZER_NONNULL = YES;
				CLANG_CXX_LANGUAGE_STANDARD = "gnu++0x";
				CLANG_CXX_LIBRARY = "libc++";
				CLANG_ENABLE_MODULES = YES;
				CLANG_ENABLE_OBJC_ARC = YES;
				CLANG_WARN_BOOL_CONVERSION = YES;
				CLANG_WARN_CONSTANT_CONVERSION = YES;
				CLANG_WARN_DIRECT_OBJC_ISA_USAGE = YES_ERROR;
				CLANG_WARN_EMPTY_BODY = YES;
				CLANG_WARN_ENUM_CONVERSION = YES;
				CLANG_WARN_INT_CONVERSION = YES;
				CLANG_WARN_OBJC_ROOT_CLASS = YES_ERROR;
				CLANG_WARN_UNREACHABLE_CODE = YES;
				CLANG_WARN__DUPLICATE_METHOD_MATCH = YES;
				"CODE_SIGN_IDENTITY[sdk=iphoneos*]" = "iPhone Developer";
				COPY_PHASE_STRIP = NO;
				DEBUG_INFORMATION_FORMAT = dwarf;
				ENABLE_STRICT_OBJC_MSGSEND = YES;
				ENABLE_TESTABILITY = YES;
				GCC_C_LANGUAGE_STANDARD = gnu99;
				GCC_DYNAMIC_NO_PIC = NO;
				GCC_NO_COMMON_BLOCKS = YES;
				GCC_OPTIMIZATION_LEVEL = 0;
				GCC_PREPROCESSOR_DEFINITIONS = (
					"DEBUG=1",
					"$(inherited)",
				);
				GCC_WARN_64_TO_32_BIT_CONVERSION = YES;
				GCC_WARN_ABOUT_RETURN_TYPE = YES_ERROR;
				GCC_WARN_UNDECLARED_SELECTOR = YES;
				GCC_WARN_UNINITIALIZED_AUTOS = YES_AGGRESSIVE;
				GCC_WARN_UNUSED_FUNCTION = YES;
				GCC_WARN_UNUSED_VARIABLE = YES;
				IPHONEOS_DEPLOYMENT_TARGET = 9.3;
				MTL_ENABLE_DEBUG_INFO = YES;
				ONLY_ACTIVE_ARCH = YES;
				SDKROOT = iphoneos;
				SWIFT_OPTIMIZATION_LEVEL = "-Onone";
				TARGETED_DEVICE_FAMILY = "1,2";
			};
			name = Debug;
		};
		67C08D701D6F91CA00247434 /* Release */ = {
			isa = XCBuildConfiguration;
			buildSettings = {
				ALWAYS_SEARCH_USER_PATHS = NO;
				CLANG_ANALYZER_NONNULL = YES;
				CLANG_CXX_LANGUAGE_STANDARD = "gnu++0x";
				CLANG_CXX_LIBRARY = "libc++";
				CLANG_ENABLE_MODULES = YES;
				CLANG_ENABLE_OBJC_ARC = YES;
				CLANG_WARN_BOOL_CONVERSION = YES;
				CLANG_WARN_CONSTANT_CONVERSION = YES;
				CLANG_WARN_DIRECT_OBJC_ISA_USAGE = YES_ERROR;
				CLANG_WARN_EMPTY_BODY = YES;
				CLANG_WARN_ENUM_CONVERSION = YES;
				CLANG_WARN_INT_CONVERSION = YES;
				CLANG_WARN_OBJC_ROOT_CLASS = YES_ERROR;
				CLANG_WARN_UNREACHABLE_CODE = YES;
				CLANG_WARN__DUPLICATE_METHOD_MATCH = YES;
				"CODE_SIGN_IDENTITY[sdk=iphoneos*]" = "iPhone Developer";
				COPY_PHASE_STRIP = NO;
				DEBUG_INFORMATION_FORMAT = "dwarf-with-dsym";
				ENABLE_NS_ASSERTIONS = NO;
				ENABLE_STRICT_OBJC_MSGSEND = YES;
				GCC_C_LANGUAGE_STANDARD = gnu99;
				GCC_NO_COMMON_BLOCKS = YES;
				GCC_WARN_64_TO_32_BIT_CONVERSION = YES;
				GCC_WARN_ABOUT_RETURN_TYPE = YES_ERROR;
				GCC_WARN_UNDECLARED_SELECTOR = YES;
				GCC_WARN_UNINITIALIZED_AUTOS = YES_AGGRESSIVE;
				GCC_WARN_UNUSED_FUNCTION = YES;
				GCC_WARN_UNUSED_VARIABLE = YES;
				IPHONEOS_DEPLOYMENT_TARGET = 9.3;
				MTL_ENABLE_DEBUG_INFO = NO;
				SDKROOT = iphoneos;
				TARGETED_DEVICE_FAMILY = "1,2";
				VALIDATE_PRODUCT = YES;
			};
			name = Release;
		};
		67C08D721D6F91CA00247434 /* Debug */ = {
			isa = XCBuildConfiguration;
			baseConfigurationReference = 9BE8750F4C81B77E05035741 /* Pods-Loans.debug.xcconfig */;
			buildSettings = {
				ASSETCATALOG_COMPILER_APPICON_NAME = AppIcon;
				CODE_SIGN_IDENTITY = "iPhone Developer";
				INFOPLIST_FILE = Loans/Info.plist;
				LD_RUNPATH_SEARCH_PATHS = "$(inherited) @executable_path/Frameworks";
				PRODUCT_BUNDLE_IDENTIFIER = com.iquestgroup.communityday.loans;
				PRODUCT_NAME = "$(TARGET_NAME)";
				PROVISIONING_PROFILE = "";
			};
			name = Debug;
		};
		67C08D731D6F91CA00247434 /* Release */ = {
			isa = XCBuildConfiguration;
			baseConfigurationReference = 8B53C7D3A014FE178AA8C605 /* Pods-Loans.release.xcconfig */;
			buildSettings = {
				ASSETCATALOG_COMPILER_APPICON_NAME = AppIcon;
				CODE_SIGN_IDENTITY = "iPhone Developer";
				INFOPLIST_FILE = Loans/Info.plist;
				LD_RUNPATH_SEARCH_PATHS = "$(inherited) @executable_path/Frameworks";
				PRODUCT_BUNDLE_IDENTIFIER = com.iquestgroup.communityday.loans;
				PRODUCT_NAME = "$(TARGET_NAME)";
				PROVISIONING_PROFILE = "";
			};
			name = Release;
		};
/* End XCBuildConfiguration section */

/* Begin XCConfigurationList section */
		67C08D581D6F91CA00247434 /* Build configuration list for PBXProject "Loans" */ = {
			isa = XCConfigurationList;
			buildConfigurations = (
				67C08D6F1D6F91CA00247434 /* Debug */,
				67C08D701D6F91CA00247434 /* Release */,
			);
			defaultConfigurationIsVisible = 0;
			defaultConfigurationName = Release;
		};
		67C08D711D6F91CA00247434 /* Build configuration list for PBXNativeTarget "Loans" */ = {
			isa = XCConfigurationList;
			buildConfigurations = (
				67C08D721D6F91CA00247434 /* Debug */,
				67C08D731D6F91CA00247434 /* Release */,
			);
			defaultConfigurationIsVisible = 0;
			defaultConfigurationName = Release;
		};
/* End XCConfigurationList section */
	};
	rootObject = 67C08D551D6F91CA00247434 /* Project object */;
}
